
Microsoft Visual Studio Solution File, Format Version 12.00
# Visual Studio Version 16
VisualStudioVersion = 16.0.31410.357
MinimumVisualStudioVersion = 10.0.40219.1
Project("{FAE04EC0-301F-11D3-BF4B-00C04F79EFBC}") = "HashTable", "HashTable\HashTable.csproj", "{20C33C9D-5DEE-4755-A27A-4E2B9E6F746D}"
EndProject
Global
	GlobalSection(SolutionConfigurationPlatforms) = preSolution
		Debug|Any CPU = Debug|Any CPU
		Release|Any CPU = Release|Any CPU
	EndGlobalSection
	GlobalSection(ProjectConfigurationPlatforms) = postSolution
		{20C33C9D-5DEE-4755-A27A-4E2B9E6F746D}.Debug|Any CPU.ActiveCfg = Debug|Any CPU
		{20C33C9D-5DEE-4755-A27A-4E2B9E6F746D}.Debug|Any CPU.Build.0 = Debug|Any CPU
		{20C33C9D-5DEE-4755-A27A-4E2B9E6F746D}.Release|Any CPU.ActiveCfg = Release|Any CPU
		{20C33C9D-5DEE-4755-A27A-4E2B9E6F746D}.Release|Any CPU.Build.0 = Release|Any CPU
	EndGlobalSection
	GlobalSection(SolutionProperties) = preSolution
		HideSolutionNode = FALSE
	EndGlobalSection
	GlobalSection(ExtensibilityGlobals) = postSolution
		SolutionGuid = {3D336C53-E1A5-4805-A94E-17116BF397D2}
	EndGlobalSection
EndGlobal
